
Microsoft Visual Studio Solution File, Format Version 12.00
Project("{FAE04EC0-301F-11D3-BF4B-00C04F79EFBC}") = "P09_01SpeedConverter", "P09_01SpeedConverter\P09_01SpeedConverter.csproj", "{B34CC0BF-C170-4B54-9442-1322A0AFD597}"
EndProject
Project("{FAE04EC0-301F-11D3-BF4B-00C04F79EFBC}") = "P09_02MinutesToSeconds", "P09_02MinutesToSeconds\P09_02MinutesToSeconds.csproj", "{5324FBD5-582E-483A-85F6-55AF90B3B9BD}"
EndProject
Project("{FAE04EC0-301F-11D3-BF4B-00C04F79EFBC}") = "P09_03Division", "P09_03Division\P09_03Division.csproj", "{AF417020-191B-4A65-BAFA-A33AEF7EC77A}"
EndProject
Project("{FAE04EC0-301F-11D3-BF4B-00C04F79EFBC}") = "P09_04Remainder", "P09_04Remainder\P09_04Remainder.csproj", "{1222BEA9-A57F-4936-B785-3418FA4BC5F8}"
EndProject
Project("{FAE04EC0-301F-11D3-BF4B-00C04F79EFBC}") = "P09_05CircleArea", "P09_05CircleArea\P09_05CircleArea.csproj", "{CD44FFCF-E744-4D10-9422-19CD98796C5D}"
EndProject
Project("{FAE04EC0-301F-11D3-BF4B-00C04F79EFBC}") = "P09_06Negation", "P09_06Negation\P09_06Negation.csproj", "{026EEA38-E5E1-46F6-9B84-3C18183FC84E}"
EndProject
Project("{FAE04EC0-301F-11D3-BF4B-00C04F79EFBC}") = "P09_07Product", "P09_07Product\P09_07Product.csproj", "{485674BB-9188-49B8-A647-A5D5AEB916B8}"
EndProject
Project("{FAE04EC0-301F-11D3-BF4B-00C04F79EFBC}") = "P09_08BMI", "P09_08BMI\P09_08BMI.csproj", "{D25B8BC7-5955-4503-BB49-414F11183590}"
EndProject
Project("{FAE04EC0-301F-11D3-BF4B-00C04F79EFBC}") = "P09_09Hypotenuse", "P09_09Hypotenuse\P09_09Hypotenuse.csproj", "{B2CD17F2-6096-400F-AFAF-EA9B4EF4B7AA}"
EndProject
Project("{FAE04EC0-301F-11D3-BF4B-00C04F79EFBC}") = "P09_10SecondsToMinutes", "P09_10SecondsToMinutes\P09_10SecondsToMinutes.csproj", "{DE1672B8-4192-4713-BA58-0094A942B419}"
EndProject
Project("{FAE04EC0-301F-11D3-BF4B-00C04F79EFBC}") = "P09_Operators", "P09_Operators\P09_Operators.csproj", "{70E721F7-5F0F-4C24-AD31-C4D6672EB6B0}"
EndProject
Project("{FAE04EC0-301F-11D3-BF4B-00C04F79EFBC}") = "P13_GoTo", "P13_GoTo\P13_GoTo.csproj", "{30F6AE8C-57A7-44AD-BC84-041684E5EBAB}"
EndProject
Global
	GlobalSection(SolutionConfigurationPlatforms) = preSolution
		Debug|Any CPU = Debug|Any CPU
		Release|Any CPU = Release|Any CPU
	EndGlobalSection
	GlobalSection(ProjectConfigurationPlatforms) = postSolution
		{B34CC0BF-C170-4B54-9442-1322A0AFD597}.Debug|Any CPU.ActiveCfg = Debug|Any CPU
		{B34CC0BF-C170-4B54-9442-1322A0AFD597}.Debug|Any CPU.Build.0 = Debug|Any CPU
		{B34CC0BF-C170-4B54-9442-1322A0AFD597}.Release|Any CPU.ActiveCfg = Release|Any CPU
		{B34CC0BF-C170-4B54-9442-1322A0AFD597}.Release|Any CPU.Build.0 = Release|Any CPU
		{5324FBD5-582E-483A-85F6-55AF90B3B9BD}.Debug|Any CPU.ActiveCfg = Debug|Any CPU
		{5324FBD5-582E-483A-85F6-55AF90B3B9BD}.Debug|Any CPU.Build.0 = Debug|Any CPU
		{5324FBD5-582E-483A-85F6-55AF90B3B9BD}.Release|Any CPU.ActiveCfg = Release|Any CPU
		{5324FBD5-582E-483A-85F6-55AF90B3B9BD}.Release|Any CPU.Build.0 = Release|Any CPU
		{AF417020-191B-4A65-BAFA-A33AEF7EC77A}.Debug|Any CPU.ActiveCfg = Debug|Any CPU
		{AF417020-191B-4A65-BAFA-A33AEF7EC77A}.Debug|Any CPU.Build.0 = Debug|Any CPU
		{AF417020-191B-4A65-BAFA-A33AEF7EC77A}.Release|Any CPU.ActiveCfg = Release|Any CPU
		{AF417020-191B-4A65-BAFA-A33AEF7EC77A}.Release|Any CPU.Build.0 = Release|Any CPU
		{1222BEA9-A57F-4936-B785-3418FA4BC5F8}.Debug|Any CPU.ActiveCfg = Debug|Any CPU
		{1222BEA9-A57F-4936-B785-3418FA4BC5F8}.Debug|Any CPU.Build.0 = Debug|Any CPU
		{1222BEA9-A57F-4936-B785-3418FA4BC5F8}.Release|Any CPU.ActiveCfg = Release|Any CPU
		{1222BEA9-A57F-4936-B785-3418FA4BC5F8}.Release|Any CPU.Build.0 = Release|Any CPU
		{CD44FFCF-E744-4D10-9422-19CD98796C5D}.Debug|Any CPU.ActiveCfg = Debug|Any CPU
		{CD44FFCF-E744-4D10-9422-19CD98796C5D}.Debug|Any CPU.Build.0 = Debug|Any CPU
		{CD44FFCF-E744-4D10-9422-19CD98796C5D}.Release|Any CPU.ActiveCfg = Release|Any CPU
		{CD44FFCF-E744-4D10-9422-19CD98796C5D}.Release|Any CPU.Build.0 = Release|Any CPU
		{026EEA38-E5E1-46F6-9B84-3C18183FC84E}.Debug|Any CPU.ActiveCfg = Debug|Any CPU
		{026EEA38-E5E1-46F6-9B84-3C18183FC84E}.Debug|Any CPU.Build.0 = Debug|Any CPU
		{026EEA38-E5E1-46F6-9B84-3C18183FC84E}.Release|Any CPU.ActiveCfg = Release|Any CPU
		{026EEA38-E5E1-46F6-9B84-3C18183FC84E}.Release|Any CPU.Build.0 = Release|Any CPU
		{485674BB-9188-49B8-A647-A5D5AEB916B8}.Debug|Any CPU.ActiveCfg = Debug|Any CPU
		{485674BB-9188-49B8-A647-A5D5AEB916B8}.Debug|Any CPU.Build.0 = Debug|Any CPU
		{485674BB-9188-49B8-A647-A5D5AEB916B8}.Release|Any CPU.ActiveCfg = Release|Any CPU
		{485674BB-9188-49B8-A647-A5D5AEB916B8}.Release|Any CPU.Build.0 = Release|Any CPU
		{D25B8BC7-5955-4503-BB49-414F11183590}.Debug|Any CPU.ActiveCfg = Debug|Any CPU
		{D25B8BC7-5955-4503-BB49-414F11183590}.Debug|Any CPU.Build.0 = Debug|Any CPU
		{D25B8BC7-5955-4503-BB49-414F11183590}.Release|Any CPU.ActiveCfg = Release|Any CPU
		{D25B8BC7-5955-4503-BB49-414F11183590}.Release|Any CPU.Build.0 = Release|Any CPU
		{B2CD17F2-6096-400F-AFAF-EA9B4EF4B7AA}.Debug|Any CPU.ActiveCfg = Debug|Any CPU
		{B2CD17F2-6096-400F-AFAF-EA9B4EF4B7AA}.Debug|Any CPU.Build.0 = Debug|Any CPU
		{B2CD17F2-6096-400F-AFAF-EA9B4EF4B7AA}.Release|Any CPU.ActiveCfg = Release|Any CPU
		{B2CD17F2-6096-400F-AFAF-EA9B4EF4B7AA}.Release|Any CPU.Build.0 = Release|Any CPU
		{DE1672B8-4192-4713-BA58-0094A942B419}.Debug|Any CPU.ActiveCfg = Debug|Any CPU
		{DE1672B8-4192-4713-BA58-0094A942B419}.Debug|Any CPU.Build.0 = Debug|Any CPU
		{DE1672B8-4192-4713-BA58-0094A942B419}.Release|Any CPU.ActiveCfg = Release|Any CPU
		{DE1672B8-4192-4713-BA58-0094A942B419}.Release|Any CPU.Build.0 = Release|Any CPU
		{70E721F7-5F0F-4C24-AD31-C4D6672EB6B0}.Debug|Any CPU.ActiveCfg = Debug|Any CPU
		{70E721F7-5F0F-4C24-AD31-C4D6672EB6B0}.Debug|Any CPU.Build.0 = Debug|Any CPU
		{70E721F7-5F0F-4C24-AD31-C4D6672EB6B0}.Release|Any CPU.ActiveCfg = Release|Any CPU
		{70E721F7-5F0F-4C24-AD31-C4D6672EB6B0}.Release|Any CPU.Build.0 = Release|Any CPU
		{30F6AE8C-57A7-44AD-BC84-041684E5EBAB}.Debug|Any CPU.ActiveCfg = Debug|Any CPU
		{30F6AE8C-57A7-44AD-BC84-041684E5EBAB}.Debug|Any CPU.Build.0 = Debug|Any CPU
		{30F6AE8C-57A7-44AD-BC84-041684E5EBAB}.Release|Any CPU.ActiveCfg = Release|Any CPU
		{30F6AE8C-57A7-44AD-BC84-041684E5EBAB}.Release|Any CPU.Build.0 = Release|Any CPU
	EndGlobalSection
EndGlobal
